PODS:
  - Flutter (1.0.0)
  - h3 (0.0.1)

DEPENDENCIES:
  - Flutter (from `.symlinks/flutter/ios`)
  - h3 (from `/Users/long1eu/IdeaProjects/h3_ffi/ios/h3.podspec`)

EXTERNAL SOURCES:
  Flutter:
    :path: ".symlinks/flutter/ios"
  h3:
    :path: "/Users/long1eu/IdeaProjects/h3_ffi/ios/h3.podspec"

SPEC CHECKSUMS:
  Flutter: 0e3d915762c693b495b44d77113d4970485de6ec
  h3: 00ca22221c07a0507c51ea99638b23266412c9d9

PODFILE CHECKSUM: ca5bdf7733be3fb2654f13e0858ede5a64eb2825

COCOAPODS: 1.7.5
